
Microsoft Visual Studio Solution File, Format Version 12.00
# Visual Studio Version 17
VisualStudioVersion = 17.3.32922.545
MinimumVisualStudioVersion = 10.0.40219.1
Project("{9A19103F-16F7-4668-BE54-9A1E7A4F7556}") = "ProgrammableMessagingService", "ProgrammableMessagingService\ProgrammableMessagingService.csproj", "{563C6D39-DCA9-4752-9C96-39F6EF0D0A5D}"
EndProject
Project("{2150E333-8FDC-42A3-9474-1A3956D46DE8}") = "Solution Items", "Solution Items", "{9703D561-32D3-44E5-9CE8-A5F8CF0B980C}"
	ProjectSection(SolutionItems) = preProject
		README.md = README.md
	EndProjectSection
EndProject
Global
	GlobalSection(SolutionConfigurationPlatforms) = preSolution
		Debug|Any CPU = Debug|Any CPU
		Release|Any CPU = Release|Any CPU
	EndGlobalSection
	GlobalSection(ProjectConfigurationPlatforms) = postSolution
		{563C6D39-DCA9-4752-9C96-39F6EF0D0A5D}.Debug|Any CPU.ActiveCfg = Debug|Any CPU
		{563C6D39-DCA9-4752-9C96-39F6EF0D0A5D}.Debug|Any CPU.Build.0 = Debug|Any CPU
		{563C6D39-DCA9-4752-9C96-39F6EF0D0A5D}.Release|Any CPU.ActiveCfg = Release|Any CPU
		{563C6D39-DCA9-4752-9C96-39F6EF0D0A5D}.Release|Any CPU.Build.0 = Release|Any CPU
	EndGlobalSection
	GlobalSection(SolutionProperties) = preSolution
		HideSolutionNode = FALSE
	EndGlobalSection
	GlobalSection(ExtensibilityGlobals) = postSolution
		SolutionGuid = {9C306700-6F14-44D1-9AC8-3BF178A648C7}
	EndGlobalSection
EndGlobal
